
Microsoft Visual Studio Solution File, Format Version 12.00
# Visual Studio 14
VisualStudioVersion = 14.0.25420.1
MinimumVisualStudioVersion = 10.0.40219.1
Project("{2150E333-8FDC-42A3-9474-1A3956D46DE8}") = "Tests", "Tests", "{E807CAA7-0E47-48CE-B437-A73C644E98C3}"
EndProject
Project("{F2A71F9B-5D33-465A-A702-920D77279786}") = "SqlJuxtFunctional", "SqlJuxtFunctional\SqlJuxtFunctional.fsproj", "{9AD06032-94CD-4F0F-A0B8-F8D5D1FDFB87}"
EndProject
Project("{F2A71F9B-5D33-465A-A702-920D77279786}") = "SqlJuxtFunctional.Tests", "SqlJuxtFunctional.Tests\SqlJuxtFunctional.Tests.fsproj", "{9CB8EB76-4609-468E-A099-9140420BF76D}"
EndProject
Global
	GlobalSection(SolutionConfigurationPlatforms) = preSolution
		Debug|Any CPU = Debug|Any CPU
		Release|Any CPU = Release|Any CPU
	EndGlobalSection
	GlobalSection(ProjectConfigurationPlatforms) = postSolution
		{9AD06032-94CD-4F0F-A0B8-F8D5D1FDFB87}.Debug|Any CPU.ActiveCfg = Debug|Any CPU
		{9AD06032-94CD-4F0F-A0B8-F8D5D1FDFB87}.Debug|Any CPU.Build.0 = Debug|Any CPU
		{9AD06032-94CD-4F0F-A0B8-F8D5D1FDFB87}.Release|Any CPU.ActiveCfg = Release|Any CPU
		{9AD06032-94CD-4F0F-A0B8-F8D5D1FDFB87}.Release|Any CPU.Build.0 = Release|Any CPU
		{9CB8EB76-4609-468E-A099-9140420BF76D}.Debug|Any CPU.ActiveCfg = Debug|Any CPU
		{9CB8EB76-4609-468E-A099-9140420BF76D}.Debug|Any CPU.Build.0 = Debug|Any CPU
		{9CB8EB76-4609-468E-A099-9140420BF76D}.Release|Any CPU.ActiveCfg = Release|Any CPU
		{9CB8EB76-4609-468E-A099-9140420BF76D}.Release|Any CPU.Build.0 = Release|Any CPU
	EndGlobalSection
	GlobalSection(SolutionProperties) = preSolution
		HideSolutionNode = FALSE
	EndGlobalSection
	GlobalSection(NestedProjects) = preSolution
		{9CB8EB76-4609-468E-A099-9140420BF76D} = {E807CAA7-0E47-48CE-B437-A73C644E98C3}
	EndGlobalSection
EndGlobal
